[[package]]
name = "cached"
version = "0.5.0"
source = "registry+https://github.com/rust-lang/crates.io-index"

[[package]]
name = "fibonacci"
version = "0.0.1"
dependencies = [
 "cached 0.5.0 (registry+https://github.com/rust-lang/crates.io-index)",
 "lazy_static 1.0.0 (registry+https://github.com/rust-lang/crates.io-index)",
]

[[package]]
name = "lazy_static"
version = "1.0.0"
source = "registry+https://github.com/rust-lang/crates.io-index"

[metadata]
"checksum cached 0.5.0 (registry+https://github.com/rust-lang/crates.io-index)" = "c444cdcbb9304997e51a8290a78d30a739d41d53b55e9b44ad5784c3028ddda9"
"checksum lazy_static 1.0.0 (registry+https://github.com/rust-lang/crates.io-index)" = "c8f31047daa365f19be14b47c29df4f7c3b581832407daabe6ae77397619237d"
